
Microsoft Visual Studio Solution File, Format Version 12.00
# Visual Studio Version 17
VisualStudioVersion = 17.5.002.0
MinimumVisualStudioVersion = 10.0.40219.1
Project("{9A19103F-16F7-4668-BE54-9A1E7A4F7556}") = "ToDoList.Api", "ToDoList.Api.csproj", "{585E38A7-7055-4A7B-BD9B-8D81EF488630}"
EndProject
Global
	GlobalSection(SolutionConfigurationPlatforms) = preSolution
		Debug|Any CPU = Debug|Any CPU
		Release|Any CPU = Release|Any CPU
	EndGlobalSection
	GlobalSection(ProjectConfigurationPlatforms) = postSolution
		{585E38A7-7055-4A7B-BD9B-8D81EF488630}.Debug|Any CPU.ActiveCfg = Debug|Any CPU
		{585E38A7-7055-4A7B-BD9B-8D81EF488630}.Debug|Any CPU.Build.0 = Debug|Any CPU
		{585E38A7-7055-4A7B-BD9B-8D81EF488630}.Release|Any CPU.ActiveCfg = Release|Any CPU
		{585E38A7-7055-4A7B-BD9B-8D81EF488630}.Release|Any CPU.Build.0 = Release|Any CPU
	EndGlobalSection
	GlobalSection(SolutionProperties) = preSolution
		HideSolutionNode = FALSE
	EndGlobalSection
	GlobalSection(ExtensibilityGlobals) = postSolution
		SolutionGuid = {B578682B-F46F-4141-B3BE-F75C84B1E45C}
	EndGlobalSection
EndGlobal
